// !$*UTF8*$!
{
	archiveVersion = 1;
	classes = {
	};
	objectVersion = 51;
	objects = {

/* Begin PBXBuildFile section */
		7969A6B525ED5AC200202620 /* ChildModel.swift in Sources */ = {isa = PBXBuildFile; fileRef = 7969A6B425ED5AC200202620 /* ChildModel.swift */; };
		797D37AA25ED16060027914E /* AppDelegate.swift in Sources */ = {isa = PBXBuildFile; fileRef = 797D37A925ED16060027914E /* AppDelegate.swift */; };
		797D37AC25ED16060027914E /* SceneDelegate.swift in Sources */ = {isa = PBXBuildFile; fileRef = 797D37AB25ED16060027914E /* SceneDelegate.swift */; };
		797D37AE25ED16060027914E /* LoginViewController.swift in Sources */ = {isa = PBXBuildFile; fileRef = 797D37AD25ED16060027914E /* LoginViewController.swift */; };
		797D37B125ED16060027914E /* Main.storyboard in Resources */ = {isa = PBXBuildFile; fileRef = 797D37AF25ED16060027914E /* Main.storyboard */; };
		797D37B325ED16090027914E /* Assets.xcassets in Resources */ = {isa = PBXBuildFile; fileRef = 797D37B225ED16090027914E /* Assets.xcassets */; };
		797D37B625ED16090027914E /* LaunchScreen.storyboard in Resources */ = {isa = PBXBuildFile; fileRef = 797D37B425ED16090027914E /* LaunchScreen.storyboard */; };
		797D37CB25ED26160027914E /* LoginSuccessModel.swift in Sources */ = {isa = PBXBuildFile; fileRef = 797D37CA25ED26160027914E /* LoginSuccessModel.swift */; };
		797D37CF25ED26A00027914E /* LoginFailedModel.swift in Sources */ = {isa = PBXBuildFile; fileRef = 797D37CE25ED26A00027914E /* LoginFailedModel.swift */; };
		797D37E025ED37CA0027914E /* HomeViewController.swift in Sources */ = {isa = PBXBuildFile; fileRef = 797D37DF25ED37CA0027914E /* HomeViewController.swift */; };
		797D37E425ED3D300027914E /* ChildTableViewCell.swift in Sources */ = {isa = PBXBuildFile; fileRef = 797D37E225ED3D300027914E /* ChildTableViewCell.swift */; };
		797D37E525ED3D300027914E /* ChildTableViewCell.xib in Resources */ = {isa = PBXBuildFile; fileRef = 797D37E325ED3D300027914E /* ChildTableViewCell.xib */; };
		E94F794F3FA5714231E6FB52 /* Pods_PerfectTask.framework in Frameworks */ = {isa = PBXBuildFile; fileRef = FFF75ACD8C18B2B274B00B99 /* Pods_PerfectTask.framework */; };
/* End PBXBuildFile section */

/* Begin PBXFileReference section */
		659BBD6B09ECF4B781F48D05 /* Pods-PerfectTask.debug.xcconfig */ = {isa = PBXFileReference; includeInIndex = 1; lastKnownFileType = text.xcconfig; name = "Pods-PerfectTask.debug.xcconfig"; path = "Target Support Files/Pods-PerfectTask/Pods-PerfectTask.debug.xcconfig"; sourceTree = "<group>"; };
		7969A6B425ED5AC200202620 /* ChildModel.swift */ = {isa = PBXFileReference; fileEncoding = 4; lastKnownFileType = sourcecode.swift; path = ChildModel.swift; sourceTree = "<group>"; };
		797D37A625ED16060027914E /* PerfectTask.app */ = {isa = PBXFileReference; explicitFileType = wrapper.application; includeInIndex = 0; path = PerfectTask.app; sourceTree = BUILT_PRODUCTS_DIR; };
		797D37A925ED16060027914E /* AppDelegate.swift */ = {isa = PBXFileReference; lastKnownFileType = sourcecode.swift; path = AppDelegate.swift; sourceTree = "<group>"; };
		797D37AB25ED16060027914E /* SceneDelegate.swift */ = {isa = PBXFileReference; lastKnownFileType = sourcecode.swift; path = SceneDelegate.swift; sourceTree = "<group>"; };
		797D37AD25ED16060027914E /* LoginViewController.swift */ = {isa = PBXFileReference; lastKnownFileType = sourcecode.swift; path = LoginViewController.swift; sourceTree = "<group>"; };
		797D37B025ED16060027914E /* Base */ = {isa = PBXFileReference; lastKnownFileType = file.storyboard; name = Base; path = Base.lproj/Main.storyboard; sourceTree = "<group>"; };
		797D37B225ED16090027914E /* Assets.xcassets */ = {isa = PBXFileReference; lastKnownFileType = folder.assetcatalog; path = Assets.xcassets; sourceTree = "<group>"; };
		797D37B525ED16090027914E /* Base */ = {isa = PBXFileReference; lastKnownFileType = file.storyboard; name = Base; path = Base.lproj/LaunchScreen.storyboard; sourceTree = "<group>"; };
		797D37B725ED16090027914E /* Info.plist */ = {isa = PBXFileReference; lastKnownFileType = text.plist.xml; path = Info.plist; sourceTree = "<group>"; };
		797D37CA25ED26160027914E /* LoginSuccessModel.swift */ = {isa = PBXFileReference; fileEncoding = 4; lastKnownFileType = sourcecode.swift; path = LoginSuccessModel.swift; sourceTree = "<group>"; };
		797D37CE25ED26A00027914E /* LoginFailedModel.swift */ = {isa = PBXFileReference; fileEncoding = 4; lastKnownFileType = sourcecode.swift; path = LoginFailedModel.swift; sourceTree = "<group>"; };
		797D37DF25ED37CA0027914E /* HomeViewController.swift */ = {isa = PBXFileReference; lastKnownFileType = sourcecode.swift; path = HomeViewController.swift; sourceTree = "<group>"; };
		797D37E225ED3D300027914E /* ChildTableViewCell.swift */ = {isa = PBXFileReference; lastKnownFileType = sourcecode.swift; path = ChildTableViewCell.swift; sourceTree = "<group>"; };
		797D37E325ED3D300027914E /* ChildTableViewCell.xib */ = {isa = PBXFileReference; lastKnownFileType = file.xib; path = ChildTableViewCell.xib; sourceTree = "<group>"; };
		BDC45788AEB0257E48AAE512 /* Pods-PerfectTask.release.xcconfig */ = {isa = PBXFileReference; includeInIndex = 1; lastKnownFileType = text.xcconfig; name = "Pods-PerfectTask.release.xcconfig"; path = "Target Support Files/Pods-PerfectTask/Pods-PerfectTask.release.xcconfig"; sourceTree = "<group>"; };
		FFF75ACD8C18B2B274B00B99 /* Pods_PerfectTask.framework */ = {isa = PBXFileReference; explicitFileType = wrapper.framework; includeInIndex = 0; path = Pods_PerfectTask.framework; sourceTree = BUILT_PRODUCTS_DIR; };
/* End PBXFileReference section */

/* Begin PBXFrameworksBuildPhase section */
		797D37A325ED16060027914E /* Frameworks */ = {
			isa = PBXFrameworksBuildPhase;
			buildActionMask = 2147483647;
			files = (
				E94F794F3FA5714231E6FB52 /* Pods_PerfectTask.framework in Frameworks */,
			);
			runOnlyForDeploymentPostprocessing = 0;
		};
/* End PBXFrameworksBuildPhase section */

/* Begin PBXGroup section */
		7969A6B325ED570F00202620 /* Home */ = {
			isa = PBXGroup;
			children = (
				7969A6B425ED5AC200202620 /* ChildModel.swift */,
			);
			path = Home;
			sourceTree = "<group>";
		};
		797D379D25ED16060027914E = {
			isa = PBXGroup;
			children = (
				797D37A825ED16060027914E /* PerfectTask */,
				797D37A725ED16060027914E /* Products */,
				EB88229F87D91E8534C46C95 /* Pods */,
				B27BA2623184AD92BE35D60D /* Frameworks */,
			);
			sourceTree = "<group>";
		};
		797D37A725ED16060027914E /* Products */ = {
			isa = PBXGroup;
			children = (
				797D37A625ED16060027914E /* PerfectTask.app */,
			);
			name = Products;
			sourceTree = "<group>";
		};
		797D37A825ED16060027914E /* PerfectTask */ = {
			isa = PBXGroup;
			children = (
				797D37C825ED25C50027914E /* Model */,
				797D37C125ED22A60027914E /* Controller */,
				797D37C025ED22970027914E /* Storyboard */,
				797D37BF25ED22860027914E /* Utils */,
				797D37BE25ED22740027914E /* Delegate */,
			);
			path = PerfectTask;
			sourceTree = "<group>";
		};
		797D37BE25ED22740027914E /* Delegate */ = {
			isa = PBXGroup;
			children = (
				797D37A925ED16060027914E /* AppDelegate.swift */,
				797D37AB25ED16060027914E /* SceneDelegate.swift */,
			);
			path = Delegate;
			sourceTree = "<group>";
		};
		797D37BF25ED22860027914E /* Utils */ = {
			isa = PBXGroup;
			children = (
				797D37B225ED16090027914E /* Assets.xcassets */,
				797D37B725ED16090027914E /* Info.plist */,
			);
			path = Utils;
			sourceTree = "<group>";
		};
		797D37C025ED22970027914E /* Storyboard */ = {
			isa = PBXGroup;
			children = (
				797D37AF25ED16060027914E /* Main.storyboard */,
				797D37B425ED16090027914E /* LaunchScreen.storyboard */,
			);
			path = Storyboard;
			sourceTree = "<group>";
		};
		797D37C125ED22A60027914E /* Controller */ = {
			isa = PBXGroup;
			children = (
				797D37AD25ED16060027914E /* LoginViewController.swift */,
				797D37DF25ED37CA0027914E /* HomeViewController.swift */,
				797D37E225ED3D300027914E /* ChildTableViewCell.swift */,
				797D37E325ED3D300027914E /* ChildTableViewCell.xib */,
			);
			path = Controller;
			sourceTree = "<group>";
		};
		797D37C825ED25C50027914E /* Model */ = {
			isa = PBXGroup;
			children = (
				7969A6B325ED570F00202620 /* Home */,
				797D37C925ED25CD0027914E /* Login */,
			);
			path = Model;
			sourceTree = "<group>";
		};
		797D37C925ED25CD0027914E /* Login */ = {
			isa = PBXGroup;
			children = (
				797D37CA25ED26160027914E /* LoginSuccessModel.swift */,
				797D37CE25ED26A00027914E /* LoginFailedModel.swift */,
			);
			path = Login;
			sourceTree = "<group>";
		};
		B27BA2623184AD92BE35D60D /* Frameworks */ = {
			isa = PBXGroup;
			children = (
				FFF75ACD8C18B2B274B00B99 /* Pods_PerfectTask.framework */,
			);
			name = Frameworks;
			sourceTree = "<group>";
		};
		EB88229F87D91E8534C46C95 /* Pods */ = {
			isa = PBXGroup;
			children = (
				659BBD6B09ECF4B781F48D05 /* Pods-PerfectTask.debug.xcconfig */,
				BDC45788AEB0257E48AAE512 /* Pods-PerfectTask.release.xcconfig */,
			);
			path = Pods;
			sourceTree = "<group>";
		};
/* End PBXGroup section */

/* Begin PBXNativeTarget section */
		797D37A525ED16060027914E /* PerfectTask */ = {
			isa = PBXNativeTarget;
			buildConfigurationList = 797D37BA25ED16090027914E /* Build configuration list for PBXNativeTarget "PerfectTask" */;
			buildPhases = (
				D8A38B0B29D1B53511A97348 /* [CP] Check Pods Manifest.lock */,
				797D37A225ED16060027914E /* Sources */,
				797D37A325ED16060027914E /* Frameworks */,
				797D37A425ED16060027914E /* Resources */,
				2C3B98D414832D53C403B3E1 /* [CP] Embed Pods Frameworks */,
			);
			buildRules = (
			);
			dependencies = (
			);
			name = PerfectTask;
			productName = PerfectTask;
			productReference = 797D37A625ED16060027914E /* PerfectTask.app */;
			productType = "com.apple.product-type.application";
		};
/* End PBXNativeTarget section */

/* Begin PBXProject section */
		797D379E25ED16060027914E /* Project object */ = {
			isa = PBXProject;
			attributes = {
				LastSwiftUpdateCheck = 1220;
				LastUpgradeCheck = 1220;
				TargetAttributes = {
					797D37A525ED16060027914E = {
						CreatedOnToolsVersion = 12.2;
					};
				};
			};
			buildConfigurationList = 797D37A125ED16060027914E /* Build configuration list for PBXProject "PerfectTask" */;
			compatibilityVersion = "Xcode 9.3";
			developmentRegion = en;
			hasScannedForEncodings = 0;
			knownRegions = (
				en,
				Base,
			);
			mainGroup = 797D379D25ED16060027914E;
			productRefGroup = 797D37A725ED16060027914E /* Products */;
			projectDirPath = "";
			projectRoot = "";
			targets = (
				797D37A525ED16060027914E /* PerfectTask */,
			);
		};
/* End PBXProject section */

/* Begin PBXResourcesBuildPhase section */
		797D37A425ED16060027914E /* Resources */ = {
			isa = PBXResourcesBuildPhase;
			buildActionMask = 2147483647;
			files = (
				797D37B625ED16090027914E /* LaunchScreen.storyboard in Resources */,
				797D37B325ED16090027914E /* Assets.xcassets in Resources */,
				797D37E525ED3D300027914E /* ChildTableViewCell.xib in Resources */,
				797D37B125ED16060027914E /* Main.storyboard in Resources */,
			);
			runOnlyForDeploymentPostprocessing = 0;
		};
/* End PBXResourcesBuildPhase section */

/* Begin PBXShellScriptBuildPhase section */
		2C3B98D414832D53C403B3E1 /* [CP] Embed Pods Frameworks */ = {
			isa = PBXShellScriptBuildPhase;
			buildActionMask = 2147483647;
			files = (
			);
			inputFileListPaths = (
				"${PODS_ROOT}/Target Support Files/Pods-PerfectTask/Pods-PerfectTask-frameworks-${CONFIGURATION}-input-files.xcfilelist",
			);
			name = "[CP] Embed Pods Frameworks";
			outputFileListPaths = (
				"${PODS_ROOT}/Target Support Files/Pods-PerfectTask/Pods-PerfectTask-frameworks-${CONFIGURATION}-output-files.xcfilelist",
			);
			runOnlyForDeploymentPostprocessing = 0;
			shellPath = /bin/sh;
			shellScript = "\"${PODS_ROOT}/Target Support Files/Pods-PerfectTask/Pods-PerfectTask-frameworks.sh\"\n";
			showEnvVarsInLog = 0;
		};
		D8A38B0B29D1B53511A97348 /* [CP] Check Pods Manifest.lock */ = {
			isa = PBXShellScriptBuildPhase;
			buildActionMask = 2147483647;
			files = (
			);
			inputFileListPaths = (
			);
			inputPaths = (
				"${PODS_PODFILE_DIR_PATH}/Podfile.lock",
				"${PODS_ROOT}/Manifest.lock",
			);
			name = "[CP] Check Pods Manifest.lock";
			outputFileListPaths = (
			);
			outputPaths = (
				"$(DERIVED_FILE_DIR)/Pods-PerfectTask-checkManifestLockResult.txt",
			);
			runOnlyForDeploymentPostprocessing = 0;
			shellPath = /bin/sh;
			shellScript = "diff \"${PODS_PODFILE_DIR_PATH}/Podfile.lock\" \"${PODS_ROOT}/Manifest.lock\" > /dev/null\nif [ $? != 0 ] ; then\n    # print error to STDERR\n    echo \"error: The sandbox is not in sync with the Podfile.lock. Run 'pod install' or update your CocoaPods installation.\" >&2\n    exit 1\nfi\n# This output is used by Xcode 'outputs' to avoid re-running this script phase.\necho \"SUCCESS\" > \"${SCRIPT_OUTPUT_FILE_0}\"\n";
			showEnvVarsInLog = 0;
		};
/* End PBXShellScriptBuildPhase section */

/* Begin PBXSourcesBuildPhase section */
		797D37A225ED16060027914E /* Sources */ = {
			isa = PBXSourcesBuildPhase;
			buildActionMask = 2147483647;
			files = (
				797D37CF25ED26A00027914E /* LoginFailedModel.swift in Sources */,
				797D37AE25ED16060027914E /* LoginViewController.swift in Sources */,
				797D37CB25ED26160027914E /* LoginSuccessModel.swift in Sources */,
				797D37AA25ED16060027914E /* AppDelegate.swift in Sources */,
				797D37AC25ED16060027914E /* SceneDelegate.swift in Sources */,
				797D37E025ED37CA0027914E /* HomeViewController.swift in Sources */,
				797D37E425ED3D300027914E /* ChildTableViewCell.swift in Sources */,
				7969A6B525ED5AC200202620 /* ChildModel.swift in Sources */,
			);
			runOnlyForDeploymentPostprocessing = 0;
		};
/* End PBXSourcesBuildPhase section */

/* Begin PBXVariantGroup section */
		797D37AF25ED16060027914E /* Main.storyboard */ = {
			isa = PBXVariantGroup;
			children = (
				797D37B025ED16060027914E /* Base */,
			);
			name = Main.storyboard;
			sourceTree = "<group>";
		};
		797D37B425ED16090027914E /* LaunchScreen.storyboard */ = {
			isa = PBXVariantGroup;
			children = (
				797D37B525ED16090027914E /* Base */,
			);
			name = LaunchScreen.storyboard;
			sourceTree = "<group>";
		};
/* End PBXVariantGroup section */

/* Begin XCBuildConfiguration section */
		797D37B825ED16090027914E /* Debug */ = {
			isa = XCBuildConfiguration;
			buildSettings = {
				ALWAYS_SEARCH_USER_PATHS = NO;
				CLANG_ANALYZER_NONNULL = YES;
				CLANG_ANALYZER_NUMBER_OBJECT_CONVERSION = YES_AGGRESSIVE;
				CLANG_CXX_LANGUAGE_STANDARD = "gnu++14";
				CLANG_CXX_LIBRARY = "libc++";
				CLANG_ENABLE_MODULES = YES;
				CLANG_ENABLE_OBJC_ARC = YES;
				CLANG_ENABLE_OBJC_WEAK = YES;
				CLANG_WARN_BLOCK_CAPTURE_AUTORELEASING = YES;
				CLANG_WARN_BOOL_CONVERSION = YES;
				CLANG_WARN_COMMA = YES;
				CLANG_WARN_CONSTANT_CONVERSION = YES;
				CLANG_WARN_DEPRECATED_OBJC_IMPLEMENTATIONS = YES;
				CLANG_WARN_DIRECT_OBJC_ISA_USAGE = YES_ERROR;
				CLANG_WARN_DOCUMENTATION_COMMENTS = YES;
				CLANG_WARN_EMPTY_BODY = YES;
				CLANG_WARN_ENUM_CONVERSION = YES;
				CLANG_WARN_INFINITE_RECURSION = YES;
				CLANG_WARN_INT_CONVERSION = YES;
				CLANG_WARN_NON_LITERAL_NULL_CONVERSION = YES;
				CLANG_WARN_OBJC_IMPLICIT_RETAIN_SELF = YES;
				CLANG_WARN_OBJC_LITERAL_CONVERSION = YES;
				CLANG_WARN_OBJC_ROOT_CLASS = YES_ERROR;
				CLANG_WARN_QUOTED_INCLUDE_IN_FRAMEWORK_HEADER = YES;
				CLANG_WARN_RANGE_LOOP_ANALYSIS = YES;
				CLANG_WARN_STRICT_PROTOTYPES = YES;
				CLANG_WARN_SUSPICIOUS_MOVE = YES;
				CLANG_WARN_UNGUARDED_AVAILABILITY = YES_AGGRESSIVE;
				CLANG_WARN_UNREACHABLE_CODE = YES;
				CLANG_WARN__DUPLICATE_METHOD_MATCH = YES;
				COPY_PHASE_STRIP = NO;
				DEBUG_INFORMATION_FORMAT = dwarf;
				ENABLE_STRICT_OBJC_MSGSEND = YES;
				ENABLE_TESTABILITY = YES;
				GCC_C_LANGUAGE_STANDARD = gnu11;
				GCC_DYNAMIC_NO_PIC = NO;
				GCC_NO_COMMON_BLOCKS = YES;
				GCC_OPTIMIZATION_LEVEL = 0;
				GCC_PREPROCESSOR_DEFINITIONS = (
					"DEBUG=1",
					"$(inherited)",
				);
				GCC_WARN_64_TO_32_BIT_CONVERSION = YES;
				GCC_WARN_ABOUT_RETURN_TYPE = YES_ERROR;
				GCC_WARN_UNDECLARED_SELECTOR = YES;
				GCC_WARN_UNINITIALIZED_AUTOS = YES_AGGRESSIVE;
				GCC_WARN_UNUSED_FUNCTION = YES;
				GCC_WARN_UNUSED_VARIABLE = YES;
				IPHONEOS_DEPLOYMENT_TARGET = 14.2;
				MTL_ENABLE_DEBUG_INFO = INCLUDE_SOURCE;
				MTL_FAST_MATH = YES;
				ONLY_ACTIVE_ARCH = YES;
				SDKROOT = iphoneos;
				SWIFT_ACTIVE_COMPILATION_CONDITIONS = DEBUG;
				SWIFT_OPTIMIZATION_LEVEL = "-Onone";
			};
			name = Debug;
		};
		797D37B925ED16090027914E /* Release */ = {
			isa = XCBuildConfiguration;
			buildSettings = {
				ALWAYS_SEARCH_USER_PATHS = NO;
				CLANG_ANALYZER_NONNULL = YES;
				CLANG_ANALYZER_NUMBER_OBJECT_CONVERSION = YES_AGGRESSIVE;
				CLANG_CXX_LANGUAGE_STANDARD = "gnu++14";
				CLANG_CXX_LIBRARY = "libc++";
				CLANG_ENABLE_MODULES = YES;
				CLANG_ENABLE_OBJC_ARC = YES;
				CLANG_ENABLE_OBJC_WEAK = YES;
				CLANG_WARN_BLOCK_CAPTURE_AUTORELEASING = YES;
				CLANG_WARN_BOOL_CONVERSION = YES;
				CLANG_WARN_COMMA = YES;
				CLANG_WARN_CONSTANT_CONVERSION = YES;
				CLANG_WARN_DEPRECATED_OBJC_IMPLEMENTATIONS = YES;
				CLANG_WARN_DIRECT_OBJC_ISA_USAGE = YES_ERROR;
				CLANG_WARN_DOCUMENTATION_COMMENTS = YES;
				CLANG_WARN_EMPTY_BODY = YES;
				CLANG_WARN_ENUM_CONVERSION = YES;
				CLANG_WARN_INFINITE_RECURSION = YES;
				CLANG_WARN_INT_CONVERSION = YES;
				CLANG_WARN_NON_LITERAL_NULL_CONVERSION = YES;
				CLANG_WARN_OBJC_IMPLICIT_RETAIN_SELF = YES;
				CLANG_WARN_OBJC_LITERAL_CONVERSION = YES;
				CLANG_WARN_OBJC_ROOT_CLASS = YES_ERROR;
				CLANG_WARN_QUOTED_INCLUDE_IN_FRAMEWORK_HEADER = YES;
				CLANG_WARN_RANGE_LOOP_ANALYSIS = YES;
				CLANG_WARN_STRICT_PROTOTYPES = YES;
				CLANG_WARN_SUSPICIOUS_MOVE = YES;
				CLANG_WARN_UNGUARDED_AVAILABILITY = YES_AGGRESSIVE;
				CLANG_WARN_UNREACHABLE_CODE = YES;
				CLANG_WARN__DUPLICATE_METHOD_MATCH = YES;
				COPY_PHASE_STRIP = NO;
				DEBUG_INFORMATION_FORMAT = "dwarf-with-dsym";
				ENABLE_NS_ASSERTIONS = NO;
				ENABLE_STRICT_OBJC_MSGSEND = YES;
				GCC_C_LANGUAGE_STANDARD = gnu11;
				GCC_NO_COMMON_BLOCKS = YES;
				GCC_WARN_64_TO_32_BIT_CONVERSION = YES;
				GCC_WARN_ABOUT_RETURN_TYPE = YES_ERROR;
				GCC_WARN_UNDECLARED_SELECTOR = YES;
				GCC_WARN_UNINITIALIZED_AUTOS = YES_AGGRESSIVE;
				GCC_WARN_UNUSED_FUNCTION = YES;
				GCC_WARN_UNUSED_VARIABLE = YES;
				IPHONEOS_DEPLOYMENT_TARGET = 14.2;
				MTL_ENABLE_DEBUG_INFO = NO;
				MTL_FAST_MATH = YES;
				SDKROOT = iphoneos;
				SWIFT_COMPILATION_MODE = wholemodule;
				SWIFT_OPTIMIZATION_LEVEL = "-O";
				VALIDATE_PRODUCT = YES;
			};
			name = Release;
		};
		797D37BB25ED16090027914E /* Debug */ = {
			isa = XCBuildConfiguration;
			baseConfigurationReference = 659BBD6B09ECF4B781F48D05 /* Pods-PerfectTask.debug.xcconfig */;
			buildSettings = {
				ASSETCATALOG_COMPILER_APPICON_NAME = AppIcon;
				ASSETCATALOG_COMPILER_GLOBAL_ACCENT_COLOR_NAME = AccentColor;
				CODE_SIGN_STYLE = Automatic;
				DEVELOPMENT_TEAM = L5Y442FJFB;
				INFOPLIST_FILE = "$(SRCROOT)/PerfectTask/Utils/Info.plist";
				LD_RUNPATH_SEARCH_PATHS = (
					"$(inherited)",
					"@executable_path/Frameworks",
				);
				PRODUCT_BUNDLE_IDENTIFIER = com.ans96283.PerfectTask;
				PRODUCT_NAME = "$(TARGET_NAME)";
				SWIFT_VERSION = 5.0;
				TARGETED_DEVICE_FAMILY = "1,2";
			};
			name = Debug;
		};
		797D37BC25ED16090027914E /* Release */ = {
			isa = XCBuildConfiguration;
			baseConfigurationReference = BDC45788AEB0257E48AAE512 /* Pods-PerfectTask.release.xcconfig */;
			buildSettings = {
				ASSETCATALOG_COMPILER_APPICON_NAME = AppIcon;
				ASSETCATALOG_COMPILER_GLOBAL_ACCENT_COLOR_NAME = AccentColor;
				CODE_SIGN_STYLE = Automatic;
				DEVELOPMENT_TEAM = L5Y442FJFB;
				INFOPLIST_FILE = "$(SRCROOT)/PerfectTask/Utils/Info.plist";
				LD_RUNPATH_SEARCH_PATHS = (
					"$(inherited)",
					"@executable_path/Frameworks",
				);
				PRODUCT_BUNDLE_IDENTIFIER = com.ans96283.PerfectTask;
				PRODUCT_NAME = "$(TARGET_NAME)";
				SWIFT_VERSION = 5.0;
				TARGETED_DEVICE_FAMILY = "1,2";
			};
			name = Release;
		};
/* End XCBuildConfiguration section */

/* Begin XCConfigurationList section */
		797D37A125ED16060027914E /* Build configuration list for PBXProject "PerfectTask" */ = {
			isa = XCConfigurationList;
			buildConfigurations = (
				797D37B825ED16090027914E /* Debug */,
				797D37B925ED16090027914E /* Release */,
			);
			defaultConfigurationIsVisible = 0;
			defaultConfigurationName = Release;
		};
		797D37BA25ED16090027914E /* Build configuration list for PBXNativeTarget "PerfectTask" */ = {
			isa = XCConfigurationList;
			buildConfigurations = (
				797D37BB25ED16090027914E /* Debug */,
				797D37BC25ED16090027914E /* Release */,
			);
			defaultConfigurationIsVisible = 0;
			defaultConfigurationName = Release;
		};
/* End XCConfigurationList section */
	};
	rootObject = 797D379E25ED16060027914E /* Project object */;
}
